
Microsoft Visual Studio Solution File, Format Version 12.00
# Visual Studio Version 17
VisualStudioVersion = 17.6.33723.286
MinimumVisualStudioVersion = 10.0.40219.1
Project("{FAE04EC0-301F-11D3-BF4B-00C04F79EFBC}") = "Amepi.Pdf", "Amepi.Pdf\Amepi.Pdf.csproj", "{509596CD-936F-4A18-9757-46795931A504}"
EndProject
Project("{FAE04EC0-301F-11D3-BF4B-00C04F79EFBC}") = "Console", "Console\Console.csproj", "{EADA94E7-0515-4473-9DB8-16E8497F5913}"
EndProject
Global
	GlobalSection(SolutionConfigurationPlatforms) = preSolution
		Debug|Any CPU = Debug|Any CPU
		Release|Any CPU = Release|Any CPU
	EndGlobalSection
	GlobalSection(ProjectConfigurationPlatforms) = postSolution
		{509596CD-936F-4A18-9757-46795931A504}.Debug|Any CPU.ActiveCfg = Debug|Any CPU
		{509596CD-936F-4A18-9757-46795931A504}.Debug|Any CPU.Build.0 = Debug|Any CPU
		{509596CD-936F-4A18-9757-46795931A504}.Release|Any CPU.ActiveCfg = Release|Any CPU
		{509596CD-936F-4A18-9757-46795931A504}.Release|Any CPU.Build.0 = Release|Any CPU
		{EADA94E7-0515-4473-9DB8-16E8497F5913}.Debug|Any CPU.ActiveCfg = Debug|Any CPU
		{EADA94E7-0515-4473-9DB8-16E8497F5913}.Debug|Any CPU.Build.0 = Debug|Any CPU
		{EADA94E7-0515-4473-9DB8-16E8497F5913}.Release|Any CPU.ActiveCfg = Release|Any CPU
		{EADA94E7-0515-4473-9DB8-16E8497F5913}.Release|Any CPU.Build.0 = Release|Any CPU
	EndGlobalSection
	GlobalSection(SolutionProperties) = preSolution
		HideSolutionNode = FALSE
	EndGlobalSection
	GlobalSection(ExtensibilityGlobals) = postSolution
		SolutionGuid = {8A07F0BE-1E3D-408F-9315-12241C78B36C}
	EndGlobalSection
EndGlobal
